
Microsoft Visual Studio Solution File, Format Version 12.00
# Visual Studio Version 17
VisualStudioVersion = 17.4.33110.190
MinimumVisualStudioVersion = 10.0.40219.1
Project("{8BC9CEB8-8B4A-11D0-8D11-00A0C91BC942}") = "Zadanie2", "Zadanie2.vcxproj", "{CDA36B1D-716A-43AF-8E61-D5DDF8F97DAA}"
EndProject
Global
	GlobalSection(SolutionConfigurationPlatforms) = preSolution
		Debug|x64 = Debug|x64
		Debug|x86 = Debug|x86
		Release|x64 = Release|x64
		Release|x86 = Release|x86
	EndGlobalSection
	GlobalSection(ProjectConfigurationPlatforms) = postSolution
		{CDA36B1D-716A-43AF-8E61-D5DDF8F97DAA}.Debug|x64.ActiveCfg = Debug|x64
		{CDA36B1D-716A-43AF-8E61-D5DDF8F97DAA}.Debug|x64.Build.0 = Debug|x64
		{CDA36B1D-716A-43AF-8E61-D5DDF8F97DAA}.Debug|x86.ActiveCfg = Debug|Win32
		{CDA36B1D-716A-43AF-8E61-D5DDF8F97DAA}.Debug|x86.Build.0 = Debug|Win32
		{CDA36B1D-716A-43AF-8E61-D5DDF8F97DAA}.Release|x64.ActiveCfg = Release|x64
		{CDA36B1D-716A-43AF-8E61-D5DDF8F97DAA}.Release|x64.Build.0 = Release|x64
		{CDA36B1D-716A-43AF-8E61-D5DDF8F97DAA}.Release|x86.ActiveCfg = Release|Win32
		{CDA36B1D-716A-43AF-8E61-D5DDF8F97DAA}.Release|x86.Build.0 = Release|Win32
	EndGlobalSection
	GlobalSection(SolutionProperties) = preSolution
		HideSolutionNode = FALSE
	EndGlobalSection
	GlobalSection(ExtensibilityGlobals) = postSolution
		SolutionGuid = {7FC085D8-E2F4-4FB7-AFF3-7C6BE4445B10}
	EndGlobalSection
EndGlobal
